
Microsoft Visual Studio Solution File, Format Version 12.00
# Visual Studio 15
VisualStudioVersion = 15.0.28307.779
MinimumVisualStudioVersion = 10.0.40219.1
Project("{FAE04EC0-301F-11D3-BF4B-00C04F79EFBC}") = "LAB_10", "LAB_10\LAB_10.csproj", "{CAADE6B3-5CF3-4704-AE65-E86F3ABE91B7}"
EndProject
Global
	GlobalSection(SolutionConfigurationPlatforms) = preSolution
		Debug|Any CPU = Debug|Any CPU
		Release|Any CPU = Release|Any CPU
	EndGlobalSection
	GlobalSection(ProjectConfigurationPlatforms) = postSolution
		{CAADE6B3-5CF3-4704-AE65-E86F3ABE91B7}.Debug|Any CPU.ActiveCfg = Debug|Any CPU
		{CAADE6B3-5CF3-4704-AE65-E86F3ABE91B7}.Debug|Any CPU.Build.0 = Debug|Any CPU
		{CAADE6B3-5CF3-4704-AE65-E86F3ABE91B7}.Release|Any CPU.ActiveCfg = Release|Any CPU
		{CAADE6B3-5CF3-4704-AE65-E86F3ABE91B7}.Release|Any CPU.Build.0 = Release|Any CPU
	EndGlobalSection
	GlobalSection(SolutionProperties) = preSolution
		HideSolutionNode = FALSE
	EndGlobalSection
	GlobalSection(ExtensibilityGlobals) = postSolution
		SolutionGuid = {E646FD81-E855-4352-B933-0F783FF60601}
	EndGlobalSection
EndGlobal
